
Microsoft Visual Studio Solution File, Format Version 12.00
# Visual Studio 2012
Project("{D954291E-2A0B-460D-934E-DC6B0785DB48}") = "HACrashReporting", "HACrashReporting\HACrashReporting.shproj", "{9FBD5E6B-0A5C-4788-B426-07CEDD45C961}"
EndProject
Project("{FAE04EC0-301F-11D3-BF4B-00C04F79EFBC}") = "HACrashReporting.iOS", "iOS\HACrashReporting.iOS.csproj", "{EAEE45B2-E29D-4CD2-A060-1A8ABBB5C926}"
EndProject
Project("{FAE04EC0-301F-11D3-BF4B-00C04F79EFBC}") = "HACrashReporting.Droid", "Droid\HACrashReporting.Droid.csproj", "{3821569E-57D9-4FA0-9F34-B00F599049CC}"
EndProject
Global
	GlobalSection(SolutionConfigurationPlatforms) = preSolution
		Debug|iPhoneSimulator = Debug|iPhoneSimulator
		Release|iPhone = Release|iPhone
		Release|iPhoneSimulator = Release|iPhoneSimulator
		Debug|iPhone = Debug|iPhone
		Debug|Any CPU = Debug|Any CPU
		Release|Any CPU = Release|Any CPU
	EndGlobalSection
	GlobalSection(ProjectConfigurationPlatforms) = postSolution
		{EAEE45B2-E29D-4CD2-A060-1A8ABBB5C926}.Debug|iPhoneSimulator.ActiveCfg = Debug|iPhoneSimulator
		{EAEE45B2-E29D-4CD2-A060-1A8ABBB5C926}.Debug|iPhoneSimulator.Build.0 = Debug|iPhoneSimulator
		{EAEE45B2-E29D-4CD2-A060-1A8ABBB5C926}.Release|iPhone.ActiveCfg = Release|iPhone
		{EAEE45B2-E29D-4CD2-A060-1A8ABBB5C926}.Release|iPhone.Build.0 = Release|iPhone
		{EAEE45B2-E29D-4CD2-A060-1A8ABBB5C926}.Release|iPhoneSimulator.ActiveCfg = Release|iPhoneSimulator
		{EAEE45B2-E29D-4CD2-A060-1A8ABBB5C926}.Release|iPhoneSimulator.Build.0 = Release|iPhoneSimulator
		{EAEE45B2-E29D-4CD2-A060-1A8ABBB5C926}.Debug|iPhone.ActiveCfg = Debug|iPhone
		{EAEE45B2-E29D-4CD2-A060-1A8ABBB5C926}.Debug|iPhone.Build.0 = Debug|iPhone
		{EAEE45B2-E29D-4CD2-A060-1A8ABBB5C926}.Debug|Any CPU.ActiveCfg = Debug|iPhoneSimulator
		{EAEE45B2-E29D-4CD2-A060-1A8ABBB5C926}.Debug|Any CPU.Build.0 = Debug|iPhoneSimulator
		{EAEE45B2-E29D-4CD2-A060-1A8ABBB5C926}.Release|Any CPU.ActiveCfg = Release|iPhone
		{EAEE45B2-E29D-4CD2-A060-1A8ABBB5C926}.Release|Any CPU.Build.0 = Release|iPhone
		{3821569E-57D9-4FA0-9F34-B00F599049CC}.Debug|iPhoneSimulator.ActiveCfg = Debug|Any CPU
		{3821569E-57D9-4FA0-9F34-B00F599049CC}.Debug|iPhoneSimulator.Build.0 = Debug|Any CPU
		{3821569E-57D9-4FA0-9F34-B00F599049CC}.Release|iPhone.ActiveCfg = Release|Any CPU
		{3821569E-57D9-4FA0-9F34-B00F599049CC}.Release|iPhone.Build.0 = Release|Any CPU
		{3821569E-57D9-4FA0-9F34-B00F599049CC}.Release|iPhoneSimulator.ActiveCfg = Release|Any CPU
		{3821569E-57D9-4FA0-9F34-B00F599049CC}.Release|iPhoneSimulator.Build.0 = Release|Any CPU
		{3821569E-57D9-4FA0-9F34-B00F599049CC}.Debug|iPhone.ActiveCfg = Debug|Any CPU
		{3821569E-57D9-4FA0-9F34-B00F599049CC}.Debug|iPhone.Build.0 = Debug|Any CPU
		{3821569E-57D9-4FA0-9F34-B00F599049CC}.Debug|Any CPU.ActiveCfg = Debug|Any CPU
		{3821569E-57D9-4FA0-9F34-B00F599049CC}.Debug|Any CPU.Build.0 = Debug|Any CPU
		{3821569E-57D9-4FA0-9F34-B00F599049CC}.Release|Any CPU.ActiveCfg = Release|Any CPU
		{3821569E-57D9-4FA0-9F34-B00F599049CC}.Release|Any CPU.Build.0 = Release|Any CPU
	EndGlobalSection
EndGlobal
